
Microsoft Visual Studio Solution File, Format Version 12.00
# Visual Studio Version 16
VisualStudioVersion = 16.0.30611.23
MinimumVisualStudioVersion = 10.0.40219.1
Project("{FAE04EC0-301F-11D3-BF4B-00C04F79EFBC}") = "Cud_Api", "Cud_Api\Cud_Api.csproj", "{919FD2C8-C6D5-467F-BA7F-C94D4EC7BEA3}"
EndProject
Global
	GlobalSection(SolutionConfigurationPlatforms) = preSolution
		Debug|Any CPU = Debug|Any CPU
		Release|Any CPU = Release|Any CPU
	EndGlobalSection
	GlobalSection(ProjectConfigurationPlatforms) = postSolution
		{919FD2C8-C6D5-467F-BA7F-C94D4EC7BEA3}.Debug|Any CPU.ActiveCfg = Debug|Any CPU
		{919FD2C8-C6D5-467F-BA7F-C94D4EC7BEA3}.Debug|Any CPU.Build.0 = Debug|Any CPU
		{919FD2C8-C6D5-467F-BA7F-C94D4EC7BEA3}.Release|Any CPU.ActiveCfg = Release|Any CPU
		{919FD2C8-C6D5-467F-BA7F-C94D4EC7BEA3}.Release|Any CPU.Build.0 = Release|Any CPU
	EndGlobalSection
	GlobalSection(SolutionProperties) = preSolution
		HideSolutionNode = FALSE
	EndGlobalSection
	GlobalSection(ExtensibilityGlobals) = postSolution
		SolutionGuid = {3F851513-B048-4860-9171-A7C2A98B668E}
	EndGlobalSection
EndGlobal
